# THIS IS AN AUTOGENERATED FILE. DO NOT EDIT THIS FILE DIRECTLY.
# yarn lockfile v1


"@sinclair/typebox@0.28.9":
  version "0.28.9"
  resolved "https://registry.yarnpkg.com/@sinclair/typebox/-/typebox-0.28.9.tgz#594e4e752839868074be70a8cbb35f264de79d07"
  integrity sha512-m98m37J9CBZ8XinStjpss2ZOW50KG45XB4cAva2NGoQHiGPxhfNL2BzUXYCs6ahXdK7/F1NIjOGh+MPP5dK8Rw==

"@types/minimist@1.2.2":
  version "1.2.2"
  resolved "https://registry.yarnpkg.com/@types/minimist/-/minimist-1.2.2.tgz#ee771e2ba4b3dc5b372935d549fd9617bf345b8c"
  integrity sha512-jhuKLIRrhvCPLqwPcx6INqmKeiA5EWrsCOPhrlFSrbrmU4ZMPjj5Ul/oLCMDO98XRUIwVm78xICz4EPCektzeQ==

"@types/node@18.16.0":
  version "18.16.0"
  resolved "https://registry.yarnpkg.com/@types/node/-/node-18.16.0.tgz#4668bc392bb6938637b47e98b1f2ed5426f33316"
  integrity sha512-BsAaKhB+7X+H4GnSjGhJG9Qi8Tw+inU9nJDwmD5CgOmBLEI6ArdhikpLX7DjbjDRDTbqZzU2LSQNZg8WGPiSZQ==

"@types/prettier@2.7.2":
  version "2.7.2"
  resolved "https://registry.yarnpkg.com/@types/prettier/-/prettier-2.7.2.tgz#6c2324641cc4ba050a8c710b2b251b377581fbf0"
  integrity sha512-KufADq8uQqo1pYKVIYzfKbJfBAc0sOeXqGbFaSpv8MRmC/zXgowNZmFcbngndGk922QDmOASEXUZCaY48gs4cg==

json5@^2.2.2:
  version "2.2.3"
  resolved "https://registry.yarnpkg.com/json5/-/json5-2.2.3.tgz#78cd6f1a19bdc12b73db5ad0c61efd66c1e29283"
  integrity sha512-XmOWe7eyHYH14cLdVPoyg+GOH3rYX++KpzrylJwSW98t3Nk+U8XOl8FWKOgwtzdb8lXGf6zYwDUzeHMWfxasyg==

minimist@1.2.8, minimist@^1.2.6:
  version "1.2.8"
  resolved "https://registry.yarnpkg.com/minimist/-/minimist-1.2.8.tgz#c1a464e7693302e082a075cee0c057741ac4772c"
  integrity sha512-2yyAR8qBkN3YuheJanUpWC5U3bb5osDywNB8RzDVlDwDHbocAJveqqj1u8+SVD7jkWT4yvsHCpWqqWqAxb0zCA==

prettier@2.8.7:
  version "2.8.7"
  resolved "https://registry.yarnpkg.com/prettier/-/prettier-2.8.7.tgz#bb79fc8729308549d28fe3a98fce73d2c0656450"
  integrity sha512-yPngTo3aXUUmyuTjeTUT75txrf+aMh9FiD7q9ZE/i6r0bPb22g4FsE6Y338PQX1bmfy08i9QQCB7/rcUAVntfw==

strip-bom@^3.0.0:
  version "3.0.0"
  resolved "https://registry.yarnpkg.com/strip-bom/-/strip-bom-3.0.0.tgz#2334c18e9c759f7bdd56fdef7e9ae3d588e68ed3"
  integrity sha512-vavAMRXOgBVNF6nyEEmL3DBK19iRpDcoIwW+swQ+CbGiu7lju6t+JklA1MHweoWtadgt4ISVUsXLyDq34ddcwA==

tsconfig-paths@4.1.2:
  version "4.1.2"
  resolved "https://registry.yarnpkg.com/tsconfig-paths/-/tsconfig-paths-4.1.2.tgz#4819f861eef82e6da52fb4af1e8c930a39ed979a"
  integrity sha512-uhxiMgnXQp1IR622dUXI+9Ehnws7i/y6xvpZB9IbUVOPy0muvdvgXeZOn88UcGPiT98Vp3rJPTa8bFoalZ3Qhw==
  dependencies:
    json5 "^2.2.2"
    minimist "^1.2.6"
    strip-bom "^3.0.0"

typescript@5.0.4:
  version "5.0.4"
  resolved "https://registry.yarnpkg.com/typescript/-/typescript-5.0.4.tgz#b217fd20119bd61a94d4011274e0ab369058da3b"
  integrity sha512-cW9T5W9xY37cc+jfEnaUvX91foxtHkza3Nw3wkoF4sSlKn0MONdkdEndig/qPBWXNkmplh3NzayQzCiHM4/hqw==
